
Microsoft Visual Studio Solution File, Format Version 9.00
# Visual Studio 2005
Project("{EDCC3B85-0BAD-11DB-BC1A-00112FDE8B61}") = "ProjectEuler", "ProjectEuler\ProjectEuler.nproj", "{B2145EF4-4E2E-4412-BF66-FB766E0FF3F9}"
EndProject
Global
	GlobalSection(SolutionConfigurationPlatforms) = preSolution
		Debug|Any CPU = Debug|Any CPU
		Release|Any CPU = Release|Any CPU
	EndGlobalSection
	GlobalSection(ProjectConfigurationPlatforms) = postSolution
		{B2145EF4-4E2E-4412-BF66-FB766E0FF3F9}.Debug|Any CPU.ActiveCfg = Debug|Any CPU
		{B2145EF4-4E2E-4412-BF66-FB766E0FF3F9}.Debug|Any CPU.Build.0 = Debug|Any CPU
		{B2145EF4-4E2E-4412-BF66-FB766E0FF3F9}.Release|Any CPU.ActiveCfg = Release|Any CPU
		{B2145EF4-4E2E-4412-BF66-FB766E0FF3F9}.Release|Any CPU.Build.0 = Release|Any CPU
	EndGlobalSection
	GlobalSection(SolutionProperties) = preSolution
		HideSolutionNode = FALSE
	EndGlobalSection
EndGlobal
